
Microsoft Visual Studio Solution File, Format Version 12.00
# Visual Studio 15
VisualStudioVersion = 15.0.26730.16
MinimumVisualStudioVersion = 10.0.40219.1
Project("{FAE04EC0-301F-11D3-BF4B-00C04F79EFBC}") = "Calculator v2", "Calculator v2\Calculator v2.csproj", "{6BD4E450-7D18-4CFA-B9A9-B4A5F2AE4CAB}"
EndProject
Global
	GlobalSection(SolutionConfigurationPlatforms) = preSolution
		Debug|Any CPU = Debug|Any CPU
		Release|Any CPU = Release|Any CPU
	EndGlobalSection
	GlobalSection(ProjectConfigurationPlatforms) = postSolution
		{6BD4E450-7D18-4CFA-B9A9-B4A5F2AE4CAB}.Debug|Any CPU.ActiveCfg = Debug|Any CPU
		{6BD4E450-7D18-4CFA-B9A9-B4A5F2AE4CAB}.Debug|Any CPU.Build.0 = Debug|Any CPU
		{6BD4E450-7D18-4CFA-B9A9-B4A5F2AE4CAB}.Release|Any CPU.ActiveCfg = Release|Any CPU
		{6BD4E450-7D18-4CFA-B9A9-B4A5F2AE4CAB}.Release|Any CPU.Build.0 = Release|Any CPU
	EndGlobalSection
	GlobalSection(SolutionProperties) = preSolution
		HideSolutionNode = FALSE
	EndGlobalSection
	GlobalSection(ExtensibilityGlobals) = postSolution
		SolutionGuid = {96F69B6B-7E0B-4B02-9B30-F9184D04A8B4}
	EndGlobalSection
EndGlobal
